
Microsoft Visual Studio Solution File, Format Version 12.00
# Visual Studio Version 17
VisualStudioVersion = 17.0.31903.59
MinimumVisualStudioVersion = 10.0.40219.1
Project("{FAE04EC0-301F-11D3-BF4B-00C04F79EFBC}") = "Domain", "Domain\Domain.csproj", "{5B921608-65FD-4BF3-BE07-0488D5AD8467}"
EndProject
Project("{FAE04EC0-301F-11D3-BF4B-00C04F79EFBC}") = "Domain.Tests", "Domain.Tests\Domain.Tests.csproj", "{C71ED48A-427B-4F4E-B039-0CAE5C06C32B}"
EndProject
Project("{FAE04EC0-301F-11D3-BF4B-00C04F79EFBC}") = "Infrastructure", "Infrastructure\Infrastructure.csproj", "{8CF2497C-4234-4401-AA6B-A10CEA04706C}"
EndProject
Project("{FAE04EC0-301F-11D3-BF4B-00C04F79EFBC}") = "Infrastructure.Tests", "Infrastructure.Tests\Infrastructure.Tests.csproj", "{DED87F21-FFEA-4653-9355-E06CAE867984}"
EndProject
Project("{FAE04EC0-301F-11D3-BF4B-00C04F79EFBC}") = "InterfaceAdapters", "InterfaceAdapters\InterfaceAdapters.csproj", "{EC94D120-A479-4837-88EB-3CCA793C5D39}"
EndProject
Project("{FAE04EC0-301F-11D3-BF4B-00C04F79EFBC}") = "InterfaceAdapters.Tests", "InterfaceAdapters.Tests\InterfaceAdapters.Tests.csproj", "{1929EAF0-BD89-4294-AAC2-583D002AB134}"
EndProject
Project("{FAE04EC0-301F-11D3-BF4B-00C04F79EFBC}") = "Application", "Application\Application.csproj", "{1FDB654C-5E73-4A8C-A854-7752C58729A9}"
EndProject
Project("{FAE04EC0-301F-11D3-BF4B-00C04F79EFBC}") = "Application.Tests", "Application.Tests\Application.Tests.csproj", "{2298EC99-1DC2-4445-B012-F1E5AFD053D9}"
EndProject
Global
	GlobalSection(SolutionConfigurationPlatforms) = preSolution
		Debug|Any CPU = Debug|Any CPU
		Debug|x64 = Debug|x64
		Debug|x86 = Debug|x86
		Release|Any CPU = Release|Any CPU
		Release|x64 = Release|x64
		Release|x86 = Release|x86
	EndGlobalSection
	GlobalSection(ProjectConfigurationPlatforms) = postSolution
		{5B921608-65FD-4BF3-BE07-0488D5AD8467}.Debug|Any CPU.ActiveCfg = Debug|Any CPU
		{5B921608-65FD-4BF3-BE07-0488D5AD8467}.Debug|Any CPU.Build.0 = Debug|Any CPU
		{5B921608-65FD-4BF3-BE07-0488D5AD8467}.Debug|x64.ActiveCfg = Debug|Any CPU
		{5B921608-65FD-4BF3-BE07-0488D5AD8467}.Debug|x64.Build.0 = Debug|Any CPU
		{5B921608-65FD-4BF3-BE07-0488D5AD8467}.Debug|x86.ActiveCfg = Debug|Any CPU
		{5B921608-65FD-4BF3-BE07-0488D5AD8467}.Debug|x86.Build.0 = Debug|Any CPU
		{5B921608-65FD-4BF3-BE07-0488D5AD8467}.Release|Any CPU.ActiveCfg = Release|Any CPU
		{5B921608-65FD-4BF3-BE07-0488D5AD8467}.Release|Any CPU.Build.0 = Release|Any CPU
		{5B921608-65FD-4BF3-BE07-0488D5AD8467}.Release|x64.ActiveCfg = Release|Any CPU
		{5B921608-65FD-4BF3-BE07-0488D5AD8467}.Release|x64.Build.0 = Release|Any CPU
		{5B921608-65FD-4BF3-BE07-0488D5AD8467}.Release|x86.ActiveCfg = Release|Any CPU
		{5B921608-65FD-4BF3-BE07-0488D5AD8467}.Release|x86.Build.0 = Release|Any CPU
		{C71ED48A-427B-4F4E-B039-0CAE5C06C32B}.Debug|Any CPU.ActiveCfg = Debug|Any CPU
		{C71ED48A-427B-4F4E-B039-0CAE5C06C32B}.Debug|Any CPU.Build.0 = Debug|Any CPU
		{C71ED48A-427B-4F4E-B039-0CAE5C06C32B}.Debug|x64.ActiveCfg = Debug|Any CPU
		{C71ED48A-427B-4F4E-B039-0CAE5C06C32B}.Debug|x64.Build.0 = Debug|Any CPU
		{C71ED48A-427B-4F4E-B039-0CAE5C06C32B}.Debug|x86.ActiveCfg = Debug|Any CPU
		{C71ED48A-427B-4F4E-B039-0CAE5C06C32B}.Debug|x86.Build.0 = Debug|Any CPU
		{C71ED48A-427B-4F4E-B039-0CAE5C06C32B}.Release|Any CPU.ActiveCfg = Release|Any CPU
		{C71ED48A-427B-4F4E-B039-0CAE5C06C32B}.Release|Any CPU.Build.0 = Release|Any CPU
		{C71ED48A-427B-4F4E-B039-0CAE5C06C32B}.Release|x64.ActiveCfg = Release|Any CPU
		{C71ED48A-427B-4F4E-B039-0CAE5C06C32B}.Release|x64.Build.0 = Release|Any CPU
		{C71ED48A-427B-4F4E-B039-0CAE5C06C32B}.Release|x86.ActiveCfg = Release|Any CPU
		{C71ED48A-427B-4F4E-B039-0CAE5C06C32B}.Release|x86.Build.0 = Release|Any CPU
		{8CF2497C-4234-4401-AA6B-A10CEA04706C}.Debug|Any CPU.ActiveCfg = Debug|Any CPU
		{8CF2497C-4234-4401-AA6B-A10CEA04706C}.Debug|Any CPU.Build.0 = Debug|Any CPU
		{8CF2497C-4234-4401-AA6B-A10CEA04706C}.Debug|x64.ActiveCfg = Debug|Any CPU
		{8CF2497C-4234-4401-AA6B-A10CEA04706C}.Debug|x64.Build.0 = Debug|Any CPU
		{8CF2497C-4234-4401-AA6B-A10CEA04706C}.Debug|x86.ActiveCfg = Debug|Any CPU
		{8CF2497C-4234-4401-AA6B-A10CEA04706C}.Debug|x86.Build.0 = Debug|Any CPU
		{8CF2497C-4234-4401-AA6B-A10CEA04706C}.Release|Any CPU.ActiveCfg = Release|Any CPU
		{8CF2497C-4234-4401-AA6B-A10CEA04706C}.Release|Any CPU.Build.0 = Release|Any CPU
		{8CF2497C-4234-4401-AA6B-A10CEA04706C}.Release|x64.ActiveCfg = Release|Any CPU
		{8CF2497C-4234-4401-AA6B-A10CEA04706C}.Release|x64.Build.0 = Release|Any CPU
		{8CF2497C-4234-4401-AA6B-A10CEA04706C}.Release|x86.ActiveCfg = Release|Any CPU
		{8CF2497C-4234-4401-AA6B-A10CEA04706C}.Release|x86.Build.0 = Release|Any CPU
		{DED87F21-FFEA-4653-9355-E06CAE867984}.Debug|Any CPU.ActiveCfg = Debug|Any CPU
		{DED87F21-FFEA-4653-9355-E06CAE867984}.Debug|Any CPU.Build.0 = Debug|Any CPU
		{DED87F21-FFEA-4653-9355-E06CAE867984}.Debug|x64.ActiveCfg = Debug|Any CPU
		{DED87F21-FFEA-4653-9355-E06CAE867984}.Debug|x64.Build.0 = Debug|Any CPU
		{DED87F21-FFEA-4653-9355-E06CAE867984}.Debug|x86.ActiveCfg = Debug|Any CPU
		{DED87F21-FFEA-4653-9355-E06CAE867984}.Debug|x86.Build.0 = Debug|Any CPU
		{DED87F21-FFEA-4653-9355-E06CAE867984}.Release|Any CPU.ActiveCfg = Release|Any CPU
		{DED87F21-FFEA-4653-9355-E06CAE867984}.Release|Any CPU.Build.0 = Release|Any CPU
		{DED87F21-FFEA-4653-9355-E06CAE867984}.Release|x64.ActiveCfg = Release|Any CPU
		{DED87F21-FFEA-4653-9355-E06CAE867984}.Release|x64.Build.0 = Release|Any CPU
		{DED87F21-FFEA-4653-9355-E06CAE867984}.Release|x86.ActiveCfg = Release|Any CPU
		{DED87F21-FFEA-4653-9355-E06CAE867984}.Release|x86.Build.0 = Release|Any CPU
		{EC94D120-A479-4837-88EB-3CCA793C5D39}.Debug|Any CPU.ActiveCfg = Debug|Any CPU
		{EC94D120-A479-4837-88EB-3CCA793C5D39}.Debug|Any CPU.Build.0 = Debug|Any CPU
		{EC94D120-A479-4837-88EB-3CCA793C5D39}.Debug|x64.ActiveCfg = Debug|Any CPU
		{EC94D120-A479-4837-88EB-3CCA793C5D39}.Debug|x64.Build.0 = Debug|Any CPU
		{EC94D120-A479-4837-88EB-3CCA793C5D39}.Debug|x86.ActiveCfg = Debug|Any CPU
		{EC94D120-A479-4837-88EB-3CCA793C5D39}.Debug|x86.Build.0 = Debug|Any CPU
		{EC94D120-A479-4837-88EB-3CCA793C5D39}.Release|Any CPU.ActiveCfg = Release|Any CPU
		{EC94D120-A479-4837-88EB-3CCA793C5D39}.Release|Any CPU.Build.0 = Release|Any CPU
		{EC94D120-A479-4837-88EB-3CCA793C5D39}.Release|x64.ActiveCfg = Release|Any CPU
		{EC94D120-A479-4837-88EB-3CCA793C5D39}.Release|x64.Build.0 = Release|Any CPU
		{EC94D120-A479-4837-88EB-3CCA793C5D39}.Release|x86.ActiveCfg = Release|Any CPU
		{EC94D120-A479-4837-88EB-3CCA793C5D39}.Release|x86.Build.0 = Release|Any CPU
		{1929EAF0-BD89-4294-AAC2-583D002AB134}.Debug|Any CPU.ActiveCfg = Debug|Any CPU
		{1929EAF0-BD89-4294-AAC2-583D002AB134}.Debug|Any CPU.Build.0 = Debug|Any CPU
		{1929EAF0-BD89-4294-AAC2-583D002AB134}.Debug|x64.ActiveCfg = Debug|Any CPU
		{1929EAF0-BD89-4294-AAC2-583D002AB134}.Debug|x64.Build.0 = Debug|Any CPU
		{1929EAF0-BD89-4294-AAC2-583D002AB134}.Debug|x86.ActiveCfg = Debug|Any CPU
		{1929EAF0-BD89-4294-AAC2-583D002AB134}.Debug|x86.Build.0 = Debug|Any CPU
		{1929EAF0-BD89-4294-AAC2-583D002AB134}.Release|Any CPU.ActiveCfg = Release|Any CPU
		{1929EAF0-BD89-4294-AAC2-583D002AB134}.Release|Any CPU.Build.0 = Release|Any CPU
		{1929EAF0-BD89-4294-AAC2-583D002AB134}.Release|x64.ActiveCfg = Release|Any CPU
		{1929EAF0-BD89-4294-AAC2-583D002AB134}.Release|x64.Build.0 = Release|Any CPU
		{1929EAF0-BD89-4294-AAC2-583D002AB134}.Release|x86.ActiveCfg = Release|Any CPU
		{1929EAF0-BD89-4294-AAC2-583D002AB134}.Release|x86.Build.0 = Release|Any CPU
		{1FDB654C-5E73-4A8C-A854-7752C58729A9}.Debug|Any CPU.ActiveCfg = Debug|Any CPU
		{1FDB654C-5E73-4A8C-A854-7752C58729A9}.Debug|Any CPU.Build.0 = Debug|Any CPU
		{1FDB654C-5E73-4A8C-A854-7752C58729A9}.Debug|x64.ActiveCfg = Debug|Any CPU
		{1FDB654C-5E73-4A8C-A854-7752C58729A9}.Debug|x64.Build.0 = Debug|Any CPU
		{1FDB654C-5E73-4A8C-A854-7752C58729A9}.Debug|x86.ActiveCfg = Debug|Any CPU
		{1FDB654C-5E73-4A8C-A854-7752C58729A9}.Debug|x86.Build.0 = Debug|Any CPU
		{1FDB654C-5E73-4A8C-A854-7752C58729A9}.Release|Any CPU.ActiveCfg = Release|Any CPU
		{1FDB654C-5E73-4A8C-A854-7752C58729A9}.Release|Any CPU.Build.0 = Release|Any CPU
		{1FDB654C-5E73-4A8C-A854-7752C58729A9}.Release|x64.ActiveCfg = Release|Any CPU
		{1FDB654C-5E73-4A8C-A854-7752C58729A9}.Release|x64.Build.0 = Release|Any CPU
		{1FDB654C-5E73-4A8C-A854-7752C58729A9}.Release|x86.ActiveCfg = Release|Any CPU
		{1FDB654C-5E73-4A8C-A854-7752C58729A9}.Release|x86.Build.0 = Release|Any CPU
		{2298EC99-1DC2-4445-B012-F1E5AFD053D9}.Debug|Any CPU.ActiveCfg = Debug|Any CPU
		{2298EC99-1DC2-4445-B012-F1E5AFD053D9}.Debug|Any CPU.Build.0 = Debug|Any CPU
		{2298EC99-1DC2-4445-B012-F1E5AFD053D9}.Debug|x64.ActiveCfg = Debug|Any CPU
		{2298EC99-1DC2-4445-B012-F1E5AFD053D9}.Debug|x64.Build.0 = Debug|Any CPU
		{2298EC99-1DC2-4445-B012-F1E5AFD053D9}.Debug|x86.ActiveCfg = Debug|Any CPU
		{2298EC99-1DC2-4445-B012-F1E5AFD053D9}.Debug|x86.Build.0 = Debug|Any CPU
		{2298EC99-1DC2-4445-B012-F1E5AFD053D9}.Release|Any CPU.ActiveCfg = Release|Any CPU
		{2298EC99-1DC2-4445-B012-F1E5AFD053D9}.Release|Any CPU.Build.0 = Release|Any CPU
		{2298EC99-1DC2-4445-B012-F1E5AFD053D9}.Release|x64.ActiveCfg = Release|Any CPU
		{2298EC99-1DC2-4445-B012-F1E5AFD053D9}.Release|x64.Build.0 = Release|Any CPU
		{2298EC99-1DC2-4445-B012-F1E5AFD053D9}.Release|x86.ActiveCfg = Release|Any CPU
		{2298EC99-1DC2-4445-B012-F1E5AFD053D9}.Release|x86.Build.0 = Release|Any CPU
	EndGlobalSection
	GlobalSection(SolutionProperties) = preSolution
		HideSolutionNode = FALSE
	EndGlobalSection
EndGlobal
